
Microsoft Visual Studio Solution File, Format Version 12.00
# Visual Studio Version 17
VisualStudioVersion = 17.8.34330.188
MinimumVisualStudioVersion = 10.0.40219.1
Project("{FAE04EC0-301F-11D3-BF4B-00C04F79EFBC}") = "TaskFormApp", "TaskFormApp\TaskFormApp.csproj", "{68F9A6E1-4B57-4670-91A0-4ECB2727F9D6}"
EndProject
Project("{9A19103F-16F7-4668-BE54-9A1E7A4F7556}") = "TaskWebApp.API", "TaskWebApp.API\TaskWebApp.API.csproj", "{3BC0FFBA-1210-4B5A-A84F-680C49C612DC}"
EndProject
Project("{9A19103F-16F7-4668-BE54-9A1E7A4F7556}") = "TaskConsoleApp", "TaskConsoleApp\TaskConsoleApp.csproj", "{B22F09C2-FC18-475E-9886-DE7B27FA95F4}"
EndProject
Project("{FAE04EC0-301F-11D3-BF4B-00C04F79EFBC}") = "TaskThreadApp", "TaskThreadApp\TaskThreadApp.csproj", "{0307944D-53D0-43DA-A4EE-736C7DEF5B3F}"
EndProject
Project("{9A19103F-16F7-4668-BE54-9A1E7A4F7556}") = "TaskStartNewConsoleApp", "TaskStartNewConsoleApp\TaskStartNewConsoleApp.csproj", "{DF8092FB-DE20-4118-9524-95576B2A1E43}"
EndProject
Project("{9A19103F-16F7-4668-BE54-9A1E7A4F7556}") = "TaskFromResultConsoleApp", "TaskFromResultConsoleApp\TaskFromResultConsoleApp.csproj", "{2809DB22-2808-4B7D-894E-CF0ACB4D277D}"
EndProject
Project("{FAE04EC0-301F-11D3-BF4B-00C04F79EFBC}") = "TaskMethodCancellationFormApp", "TaskMethodCancellationFormApp\TaskMethodCancellationFormApp.csproj", "{CDB29539-8BEB-4F5D-AA5C-BFBF850FC6BC}"
EndProject
Global
	GlobalSection(SolutionConfigurationPlatforms) = preSolution
		Debug|Any CPU = Debug|Any CPU
		Release|Any CPU = Release|Any CPU
	EndGlobalSection
	GlobalSection(ProjectConfigurationPlatforms) = postSolution
		{68F9A6E1-4B57-4670-91A0-4ECB2727F9D6}.Debug|Any CPU.ActiveCfg = Debug|Any CPU
		{68F9A6E1-4B57-4670-91A0-4ECB2727F9D6}.Debug|Any CPU.Build.0 = Debug|Any CPU
		{68F9A6E1-4B57-4670-91A0-4ECB2727F9D6}.Release|Any CPU.ActiveCfg = Release|Any CPU
		{68F9A6E1-4B57-4670-91A0-4ECB2727F9D6}.Release|Any CPU.Build.0 = Release|Any CPU
		{3BC0FFBA-1210-4B5A-A84F-680C49C612DC}.Debug|Any CPU.ActiveCfg = Debug|Any CPU
		{3BC0FFBA-1210-4B5A-A84F-680C49C612DC}.Debug|Any CPU.Build.0 = Debug|Any CPU
		{3BC0FFBA-1210-4B5A-A84F-680C49C612DC}.Release|Any CPU.ActiveCfg = Release|Any CPU
		{3BC0FFBA-1210-4B5A-A84F-680C49C612DC}.Release|Any CPU.Build.0 = Release|Any CPU
		{B22F09C2-FC18-475E-9886-DE7B27FA95F4}.Debug|Any CPU.ActiveCfg = Debug|Any CPU
		{B22F09C2-FC18-475E-9886-DE7B27FA95F4}.Debug|Any CPU.Build.0 = Debug|Any CPU
		{B22F09C2-FC18-475E-9886-DE7B27FA95F4}.Release|Any CPU.ActiveCfg = Release|Any CPU
		{B22F09C2-FC18-475E-9886-DE7B27FA95F4}.Release|Any CPU.Build.0 = Release|Any CPU
		{0307944D-53D0-43DA-A4EE-736C7DEF5B3F}.Debug|Any CPU.ActiveCfg = Debug|Any CPU
		{0307944D-53D0-43DA-A4EE-736C7DEF5B3F}.Debug|Any CPU.Build.0 = Debug|Any CPU
		{0307944D-53D0-43DA-A4EE-736C7DEF5B3F}.Release|Any CPU.ActiveCfg = Release|Any CPU
		{0307944D-53D0-43DA-A4EE-736C7DEF5B3F}.Release|Any CPU.Build.0 = Release|Any CPU
		{DF8092FB-DE20-4118-9524-95576B2A1E43}.Debug|Any CPU.ActiveCfg = Debug|Any CPU
		{DF8092FB-DE20-4118-9524-95576B2A1E43}.Debug|Any CPU.Build.0 = Debug|Any CPU
		{DF8092FB-DE20-4118-9524-95576B2A1E43}.Release|Any CPU.ActiveCfg = Release|Any CPU
		{DF8092FB-DE20-4118-9524-95576B2A1E43}.Release|Any CPU.Build.0 = Release|Any CPU
		{2809DB22-2808-4B7D-894E-CF0ACB4D277D}.Debug|Any CPU.ActiveCfg = Debug|Any CPU
		{2809DB22-2808-4B7D-894E-CF0ACB4D277D}.Debug|Any CPU.Build.0 = Debug|Any CPU
		{2809DB22-2808-4B7D-894E-CF0ACB4D277D}.Release|Any CPU.ActiveCfg = Release|Any CPU
		{2809DB22-2808-4B7D-894E-CF0ACB4D277D}.Release|Any CPU.Build.0 = Release|Any CPU
		{CDB29539-8BEB-4F5D-AA5C-BFBF850FC6BC}.Debug|Any CPU.ActiveCfg = Debug|Any CPU
		{CDB29539-8BEB-4F5D-AA5C-BFBF850FC6BC}.Debug|Any CPU.Build.0 = Debug|Any CPU
		{CDB29539-8BEB-4F5D-AA5C-BFBF850FC6BC}.Release|Any CPU.ActiveCfg = Release|Any CPU
		{CDB29539-8BEB-4F5D-AA5C-BFBF850FC6BC}.Release|Any CPU.Build.0 = Release|Any CPU
	EndGlobalSection
	GlobalSection(SolutionProperties) = preSolution
		HideSolutionNode = FALSE
	EndGlobalSection
	GlobalSection(ExtensibilityGlobals) = postSolution
		SolutionGuid = {450CC7D9-D425-4EB2-8FE6-0EA86928283A}
	EndGlobalSection
EndGlobal
